
Microsoft Visual Studio Solution File, Format Version 12.00
# Visual Studio 15
VisualStudioVersion = 15.0.27703.2018
MinimumVisualStudioVersion = 10.0.40219.1
Project("{888888A0-9F3D-457C-B088-3A5042F75D52}") = "PythonApplication1", "PythonApplication1\PythonApplication1.pyproj", "{5C967E75-EEAB-4DF0-ACC0-A26DEF86D2D3}"
EndProject
Project("{888888A0-9F3D-457C-B088-3A5042F75D52}") = "DjangoWebProject1", "DjangoWebProject1\DjangoWebProject1.pyproj", "{FC5076F5-0213-4BE1-A1CF-3BB73067554A}"
EndProject
Global
	GlobalSection(SolutionConfigurationPlatforms) = preSolution
		Debug|Any CPU = Debug|Any CPU
		Release|Any CPU = Release|Any CPU
	EndGlobalSection
	GlobalSection(ProjectConfigurationPlatforms) = postSolution
		{5C967E75-EEAB-4DF0-ACC0-A26DEF86D2D3}.Debug|Any CPU.ActiveCfg = Debug|Any CPU
		{5C967E75-EEAB-4DF0-ACC0-A26DEF86D2D3}.Release|Any CPU.ActiveCfg = Release|Any CPU
		{FC5076F5-0213-4BE1-A1CF-3BB73067554A}.Debug|Any CPU.ActiveCfg = Debug|Any CPU
		{FC5076F5-0213-4BE1-A1CF-3BB73067554A}.Debug|Any CPU.Build.0 = Debug|Any CPU
		{FC5076F5-0213-4BE1-A1CF-3BB73067554A}.Release|Any CPU.ActiveCfg = Release|Any CPU
		{FC5076F5-0213-4BE1-A1CF-3BB73067554A}.Release|Any CPU.Build.0 = Release|Any CPU
	EndGlobalSection
	GlobalSection(SolutionProperties) = preSolution
		HideSolutionNode = FALSE
	EndGlobalSection
	GlobalSection(ExtensibilityGlobals) = postSolution
		SolutionGuid = {837F9F5E-51D5-47CD-9FEC-703AFAC0812B}
	EndGlobalSection
EndGlobal
